
Microsoft Visual Studio Solution File, Format Version 12.00
# Visual Studio Version 16
VisualStudioVersion = 16.0.31229.75
MinimumVisualStudioVersion = 10.0.40219.1
Project("{9A19103F-16F7-4668-BE54-9A1E7A4F7556}") = "Atlanta.API", "Atlanta\Atlanta.API.csproj", "{A1767BEF-5D38-420E-B7EF-3D5C1BF9C57D}"
	ProjectSection(ProjectDependencies) = postProject
		{3592B59F-D0D9-42F5-B7B4-6D3A62EDFF2F} = {3592B59F-D0D9-42F5-B7B4-6D3A62EDFF2F}
	EndProjectSection
EndProject
Project("{9A19103F-16F7-4668-BE54-9A1E7A4F7556}") = "Atlanta.Domain", "Atlanta.Consumer\Atlanta.Domain.csproj", "{3592B59F-D0D9-42F5-B7B4-6D3A62EDFF2F}"
EndProject
Global
	GlobalSection(SolutionConfigurationPlatforms) = preSolution
		Debug|Any CPU = Debug|Any CPU
		Release|Any CPU = Release|Any CPU
	EndGlobalSection
	GlobalSection(ProjectConfigurationPlatforms) = postSolution
		{A1767BEF-5D38-420E-B7EF-3D5C1BF9C57D}.Debug|Any CPU.ActiveCfg = Debug|Any CPU
		{A1767BEF-5D38-420E-B7EF-3D5C1BF9C57D}.Debug|Any CPU.Build.0 = Debug|Any CPU
		{A1767BEF-5D38-420E-B7EF-3D5C1BF9C57D}.Release|Any CPU.ActiveCfg = Release|Any CPU
		{A1767BEF-5D38-420E-B7EF-3D5C1BF9C57D}.Release|Any CPU.Build.0 = Release|Any CPU
		{3592B59F-D0D9-42F5-B7B4-6D3A62EDFF2F}.Debug|Any CPU.ActiveCfg = Debug|Any CPU
		{3592B59F-D0D9-42F5-B7B4-6D3A62EDFF2F}.Debug|Any CPU.Build.0 = Debug|Any CPU
		{3592B59F-D0D9-42F5-B7B4-6D3A62EDFF2F}.Release|Any CPU.ActiveCfg = Release|Any CPU
		{3592B59F-D0D9-42F5-B7B4-6D3A62EDFF2F}.Release|Any CPU.Build.0 = Release|Any CPU
	EndGlobalSection
	GlobalSection(SolutionProperties) = preSolution
		HideSolutionNode = FALSE
	EndGlobalSection
	GlobalSection(ExtensibilityGlobals) = postSolution
		SolutionGuid = {7782B9C2-B489-4300-A0E9-8404762A71D7}
	EndGlobalSection
EndGlobal
